{
  "name": "oniguruma-bindings",
  "version": "unspecified",
  "lockfileVersion": 3,
  "requires": true,
  "packages": {
    "": {
      "name": "oniguruma-bindings",
      "version": "unspecified",
      "workspaces": [
        "packages/oniguruma-bindings-koniguruma",
        "packages/oniguruma-bindings-koniguruma-test"
      ],
      "devDependencies": {}
    },
    "node_modules/oniguruma-bindings-koniguruma": {
      "resolved": "packages/oniguruma-bindings-koniguruma",
      "link": true
    },
    "node_modules/oniguruma-bindings-koniguruma-test": {
      "resolved": "packages/oniguruma-bindings-koniguruma-test",
      "link": true
    },
    "node_modules/vscode-oniguruma": {
      "version": "2.0.1",
      "resolved": "https://registry.npmjs.org/vscode-oniguruma/-/vscode-oniguruma-2.0.1.tgz",
      "integrity": "sha512-poJU8iHIWnC3vgphJnrLZyI3YdqRlR27xzqDmpPXYzA93R4Gk8z7T6oqDzDoHjoikA2aS82crdXFkjELCdJsjQ==",
      "license": "MIT"
    },
    "packages/oniguruma-bindings-koniguruma": {
      "version": "0.0.0-unspecified",
      "dependencies": {
        "vscode-oniguruma": "2.0.1"
      },
      "devDependencies": {}
    },
    "packages/oniguruma-bindings-koniguruma-test": {
      "version": "0.0.0-unspecified",
      "dependencies": {
        "vscode-oniguruma": "2.0.1"
      },
      "devDependencies": {}
    }
  }
}
